--- Cargo.lock.orig	2024-12-31 05:47:19 UTC
+++ Cargo.lock
@@ -6977,7 +6977,7 @@ version = "0.3.7"
 [[package]]
 name = "libwebrtc"
 version = "0.3.7"
-source = "git+https://github.com/zed-industries/rust-sdks?rev=799f10133d93ba2a88642cd480d01ec4da53408c#799f10133d93ba2a88642cd480d01ec4da53408c"
+source = "git+https://github.com/zed-industries/livekit-rust-sdks?rev=799f10133d93ba2a88642cd480d01ec4da53408c#799f10133d93ba2a88642cd480d01ec4da53408c"
 dependencies = [
  "cxx",
  "jni",
@@ -7068,7 +7068,7 @@ version = "0.7.0"
 [[package]]
 name = "livekit"
 version = "0.7.0"
-source = "git+https://github.com/zed-industries/rust-sdks?rev=799f10133d93ba2a88642cd480d01ec4da53408c#799f10133d93ba2a88642cd480d01ec4da53408c"
+source = "git+https://github.com/zed-industries/livekit-rust-sdks?rev=799f10133d93ba2a88642cd480d01ec4da53408c#799f10133d93ba2a88642cd480d01ec4da53408c"
 dependencies = [
  "chrono",
  "futures-util",
@@ -7090,7 +7090,7 @@ version = "0.4.1"
 [[package]]
 name = "livekit-api"
 version = "0.4.1"
-source = "git+https://github.com/zed-industries/rust-sdks?rev=799f10133d93ba2a88642cd480d01ec4da53408c#799f10133d93ba2a88642cd480d01ec4da53408c"
+source = "git+https://github.com/zed-industries/livekit-rust-sdks?rev=799f10133d93ba2a88642cd480d01ec4da53408c#799f10133d93ba2a88642cd480d01ec4da53408c"
 dependencies = [
  "async-tungstenite 0.25.1",
  "futures-util",
@@ -7115,7 +7115,7 @@ version = "0.3.6"
 [[package]]
 name = "livekit-protocol"
 version = "0.3.6"
-source = "git+https://github.com/zed-industries/rust-sdks?rev=799f10133d93ba2a88642cd480d01ec4da53408c#799f10133d93ba2a88642cd480d01ec4da53408c"
+source = "git+https://github.com/zed-industries/livekit-rust-sdks?rev=799f10133d93ba2a88642cd480d01ec4da53408c#799f10133d93ba2a88642cd480d01ec4da53408c"
 dependencies = [
  "futures-util",
  "livekit-runtime",
@@ -7132,7 +7132,7 @@ version = "0.3.1"
 [[package]]
 name = "livekit-runtime"
 version = "0.3.1"
-source = "git+https://github.com/zed-industries/rust-sdks?rev=799f10133d93ba2a88642cd480d01ec4da53408c#799f10133d93ba2a88642cd480d01ec4da53408c"
+source = "git+https://github.com/zed-industries/livekit-rust-sdks?rev=799f10133d93ba2a88642cd480d01ec4da53408c#799f10133d93ba2a88642cd480d01ec4da53408c"
 dependencies = [
  "async-io 2.4.0",
  "async-std",
@@ -14782,7 +14782,7 @@ version = "0.3.5"
 [[package]]
 name = "webrtc-sys"
 version = "0.3.5"
-source = "git+https://github.com/zed-industries/rust-sdks?rev=799f10133d93ba2a88642cd480d01ec4da53408c#799f10133d93ba2a88642cd480d01ec4da53408c"
+source = "git+https://github.com/zed-industries/livekit-rust-sdks?rev=799f10133d93ba2a88642cd480d01ec4da53408c#799f10133d93ba2a88642cd480d01ec4da53408c"
 dependencies = [
  "cc",
  "cxx",
@@ -14795,7 +14795,7 @@ version = "0.3.5"
 [[package]]
 name = "webrtc-sys-build"
 version = "0.3.5"
-source = "git+https://github.com/zed-industries/rust-sdks?rev=799f10133d93ba2a88642cd480d01ec4da53408c#799f10133d93ba2a88642cd480d01ec4da53408c"
+source = "git+https://github.com/zed-industries/livekit-rust-sdks?rev=799f10133d93ba2a88642cd480d01ec4da53408c#799f10133d93ba2a88642cd480d01ec4da53408c"
 dependencies = [
  "fs2",
  "regex",
